
Microsoft Visual Studio Solution File, Format Version 12.00
# Visual Studio 15
VisualStudioVersion = 15.0.28307.136
MinimumVisualStudioVersion = 10.0.40219.1
Project("{FAE04EC0-301F-11D3-BF4B-00C04F79EFBC}") = "App1.Android", "App1\App1.Android\App1.Android.csproj", "{0D0EC691-9CDF-4A58-955A-0C48C375D149}"
EndProject
Project("{FAE04EC0-301F-11D3-BF4B-00C04F79EFBC}") = "App1", "App1\App1\App1.csproj", "{FB49D862-1FF1-4D00-8808-4BB86DF3E8AF}"
EndProject
Global
	GlobalSection(SolutionConfigurationPlatforms) = preSolution
		Debug|Any CPU = Debug|Any CPU
		Release|Any CPU = Release|Any CPU
	EndGlobalSection
	GlobalSection(ProjectConfigurationPlatforms) = postSolution
		{0D0EC691-9CDF-4A58-955A-0C48C375D149}.Debug|Any CPU.ActiveCfg = Debug|Any CPU
		{0D0EC691-9CDF-4A58-955A-0C48C375D149}.Debug|Any CPU.Build.0 = Debug|Any CPU
		{0D0EC691-9CDF-4A58-955A-0C48C375D149}.Debug|Any CPU.Deploy.0 = Debug|Any CPU
		{0D0EC691-9CDF-4A58-955A-0C48C375D149}.Release|Any CPU.ActiveCfg = Release|Any CPU
		{0D0EC691-9CDF-4A58-955A-0C48C375D149}.Release|Any CPU.Build.0 = Release|Any CPU
		{0D0EC691-9CDF-4A58-955A-0C48C375D149}.Release|Any CPU.Deploy.0 = Release|Any CPU
		{FB49D862-1FF1-4D00-8808-4BB86DF3E8AF}.Debug|Any CPU.ActiveCfg = Debug|Any CPU
		{FB49D862-1FF1-4D00-8808-4BB86DF3E8AF}.Debug|Any CPU.Build.0 = Debug|Any CPU
		{FB49D862-1FF1-4D00-8808-4BB86DF3E8AF}.Debug|Any CPU.Deploy.0 = Debug|Any CPU
		{FB49D862-1FF1-4D00-8808-4BB86DF3E8AF}.Release|Any CPU.ActiveCfg = Release|Any CPU
		{FB49D862-1FF1-4D00-8808-4BB86DF3E8AF}.Release|Any CPU.Build.0 = Release|Any CPU
		{FB49D862-1FF1-4D00-8808-4BB86DF3E8AF}.Release|Any CPU.Deploy.0 = Release|Any CPU
	EndGlobalSection
	GlobalSection(SolutionProperties) = preSolution
		HideSolutionNode = FALSE
	EndGlobalSection
	GlobalSection(ExtensibilityGlobals) = postSolution
		SolutionGuid = {A7214CD4-DB76-44E6-8D1A-D2FDC8AC4CFB}
	EndGlobalSection
EndGlobal
