
Microsoft Visual Studio Solution File, Format Version 12.00
# Visual Studio 15
VisualStudioVersion = 15.0.28307.136
MinimumVisualStudioVersion = 10.0.40219.1
Project("{2150E333-8FDC-42A3-9474-1A3956D46DE8}") = "Layer 1", "Layer 1", "{398DEC2E-A138-4F85-A4F5-27560102CA4E}"
EndProject
Project("{2150E333-8FDC-42A3-9474-1A3956D46DE8}") = "Data Access Layer", "Data Access Layer", "{B7360DB2-8655-44EF-8A12-1BC3BB9E4F00}"
EndProject
Project("{2150E333-8FDC-42A3-9474-1A3956D46DE8}") = "Layer 2", "Layer 2", "{BAC98016-4AE2-4B1E-B8AC-7008B77E804B}"
EndProject
Project("{2150E333-8FDC-42A3-9474-1A3956D46DE8}") = "Services Layer", "Services Layer", "{0E46FC06-C30E-46C6-B6FD-AF7F2160A730}"
EndProject
Project("{2150E333-8FDC-42A3-9474-1A3956D46DE8}") = "Layer 3", "Layer 3", "{AC7FBC63-7B82-45FC-B0F5-B15A7B995F43}"
EndProject
Project("{2150E333-8FDC-42A3-9474-1A3956D46DE8}") = "Presentation Layer", "Presentation Layer", "{E984D96A-78D1-401D-91E2-E58FB0309B15}"
EndProject
Project("{2150E333-8FDC-42A3-9474-1A3956D46DE8}") = "Contracts", "Contracts", "{784BE7FA-D329-4EAA-9D1B-C0C3BF934FDE}"
EndProject
Project("{2150E333-8FDC-42A3-9474-1A3956D46DE8}") = "Implementations", "Implementations", "{E1A69009-4E18-4B9A-B94B-FACD2A7CB631}"
EndProject
Project("{2150E333-8FDC-42A3-9474-1A3956D46DE8}") = "Hosting", "Hosting", "{FB02753B-BB49-4762-BB02-FD8DD095A666}"
EndProject
Project("{2150E333-8FDC-42A3-9474-1A3956D46DE8}") = "Applications", "Applications", "{C48B148B-24CC-4E9F-A2A7-68FB7EC16258}"
EndProject
Project("{2150E333-8FDC-42A3-9474-1A3956D46DE8}") = "Proxies", "Proxies", "{084D7C7E-AB16-4E8E-9D60-8E707B62C9C2}"
EndProject
Project("{2150E333-8FDC-42A3-9474-1A3956D46DE8}") = "ORM", "ORM", "{80E907C0-11BB-4E26-9709-5259AD984611}"
EndProject
Project("{2150E333-8FDC-42A3-9474-1A3956D46DE8}") = "Interfaces", "Interfaces", "{95386B31-F746-42FB-BAC2-4E14CC523D97}"
EndProject
Project("{2150E333-8FDC-42A3-9474-1A3956D46DE8}") = "Implementations", "Implementations", "{4B1427BD-2DDE-45CA-8068-F92BB3904C03}"
EndProject
Project("{2150E333-8FDC-42A3-9474-1A3956D46DE8}") = "Data", "Data", "{5D64BE35-5E61-4225-911B-B5060255F26F}"
EndProject
Project("{2150E333-8FDC-42A3-9474-1A3956D46DE8}") = "Faults", "Faults", "{9F96940A-F149-4CF7-AFE9-5138B58267B6}"
EndProject
Project("{2150E333-8FDC-42A3-9474-1A3956D46DE8}") = "Services", "Services", "{8451EA2E-0DFA-4BD3-9611-9C92B39B76FF}"
EndProject
Project("{FAE04EC0-301F-11D3-BF4B-00C04F79EFBC}") = "Lam.Libraries.SOA.Contracts.Data", "Lam.Libraries.SOA.Contracts.Data\Lam.Libraries.SOA.Contracts.Data.csproj", "{EE78C991-C8AE-41AE-A5E6-2500DE8A9DDA}"
EndProject
Project("{FAE04EC0-301F-11D3-BF4B-00C04F79EFBC}") = "Lam.Libraries.SOA.Contracts.Faults", "Lam.Libraries.SOA.Contracts.Faults\Lam.Libraries.SOA.Contracts.Faults.csproj", "{CF910972-FEC3-42F4-B944-3F0E2DFFB77A}"
EndProject
Project("{FAE04EC0-301F-11D3-BF4B-00C04F79EFBC}") = "Lam.Libraries.SOA.Contracts.Services", "Lam.Libraries.SOA.Contracts.Services\Lam.Libraries.SOA.Contracts.Services.csproj", "{05D4A24C-EA28-4560-8F70-488639751CA0}"
EndProject
Project("{FAE04EC0-301F-11D3-BF4B-00C04F79EFBC}") = "Lam.Libraries.ORM.Interfaces", "Lam.Libraries.ORM.Interfaces\Lam.Libraries.ORM.Interfaces.csproj", "{C8A722D0-821A-4CB8-9314-C0CEE2EE7D3A}"
EndProject
Project("{FAE04EC0-301F-11D3-BF4B-00C04F79EFBC}") = "Lam.Libraries.ORM.Impl", "Lam.Libraries.ORM.Impl\Lam.Libraries.ORM.Impl.csproj", "{C2E6606E-CFAF-483C-B2CA-656E2EEFAB87}"
EndProject
Project("{FAE04EC0-301F-11D3-BF4B-00C04F79EFBC}") = "Lam.Libraries.SOA.Impl", "Lam.Libraries.SOA.Impl\Lam.Libraries.SOA.Impl.csproj", "{2BF6BEC2-84E3-4375-89EB-F46A717EAF98}"
EndProject
Project("{2150E333-8FDC-42A3-9474-1A3956D46DE8}") = "Self Hosting", "Self Hosting", "{4E084693-7FCE-4E2C-BD6E-4FD0AB7E8688}"
EndProject
Project("{2150E333-8FDC-42A3-9474-1A3956D46DE8}") = "Windows Services Hosting", "Windows Services Hosting", "{48B3C342-5BE9-464F-B592-F30BB21E59CF}"
EndProject
Project("{FAE04EC0-301F-11D3-BF4B-00C04F79EFBC}") = "Lam.Applications.Services.Hosting", "Lam.Applications.Services.Hosting\Lam.Applications.Services.Hosting.csproj", "{0F065AC3-8690-475F-87F4-AA62B8D6FFBF}"
EndProject
Project("{FAE04EC0-301F-11D3-BF4B-00C04F79EFBC}") = "Lam.Libraries.SOA.Proxies", "Lam.Libraries.SOA.Proxies\Lam.Libraries.SOA.Proxies.csproj", "{646BD699-B0B3-47BF-A28F-68F23D5D7572}"
EndProject
Project("{FAE04EC0-301F-11D3-BF4B-00C04F79EFBC}") = "Lam.Applications.CRMSystem.WinUI", "Lam.Applications.CRMSystem.WinUI\Lam.Applications.CRMSystem.WinUI.csproj", "{9E1E262C-1A93-4A78-9BDB-36357F2175F1}"
EndProject
Global
	GlobalSection(SolutionConfigurationPlatforms) = preSolution
		Debug|Any CPU = Debug|Any CPU
		Release|Any CPU = Release|Any CPU
	EndGlobalSection
	GlobalSection(ProjectConfigurationPlatforms) = postSolution
		{EE78C991-C8AE-41AE-A5E6-2500DE8A9DDA}.Debug|Any CPU.ActiveCfg = Debug|Any CPU
		{EE78C991-C8AE-41AE-A5E6-2500DE8A9DDA}.Debug|Any CPU.Build.0 = Debug|Any CPU
		{EE78C991-C8AE-41AE-A5E6-2500DE8A9DDA}.Release|Any CPU.ActiveCfg = Release|Any CPU
		{EE78C991-C8AE-41AE-A5E6-2500DE8A9DDA}.Release|Any CPU.Build.0 = Release|Any CPU
		{CF910972-FEC3-42F4-B944-3F0E2DFFB77A}.Debug|Any CPU.ActiveCfg = Debug|Any CPU
		{CF910972-FEC3-42F4-B944-3F0E2DFFB77A}.Debug|Any CPU.Build.0 = Debug|Any CPU
		{CF910972-FEC3-42F4-B944-3F0E2DFFB77A}.Release|Any CPU.ActiveCfg = Release|Any CPU
		{CF910972-FEC3-42F4-B944-3F0E2DFFB77A}.Release|Any CPU.Build.0 = Release|Any CPU
		{05D4A24C-EA28-4560-8F70-488639751CA0}.Debug|Any CPU.ActiveCfg = Debug|Any CPU
		{05D4A24C-EA28-4560-8F70-488639751CA0}.Debug|Any CPU.Build.0 = Debug|Any CPU
		{05D4A24C-EA28-4560-8F70-488639751CA0}.Release|Any CPU.ActiveCfg = Release|Any CPU
		{05D4A24C-EA28-4560-8F70-488639751CA0}.Release|Any CPU.Build.0 = Release|Any CPU
		{C8A722D0-821A-4CB8-9314-C0CEE2EE7D3A}.Debug|Any CPU.ActiveCfg = Debug|Any CPU
		{C8A722D0-821A-4CB8-9314-C0CEE2EE7D3A}.Debug|Any CPU.Build.0 = Debug|Any CPU
		{C8A722D0-821A-4CB8-9314-C0CEE2EE7D3A}.Release|Any CPU.ActiveCfg = Release|Any CPU
		{C8A722D0-821A-4CB8-9314-C0CEE2EE7D3A}.Release|Any CPU.Build.0 = Release|Any CPU
		{C2E6606E-CFAF-483C-B2CA-656E2EEFAB87}.Debug|Any CPU.ActiveCfg = Debug|Any CPU
		{C2E6606E-CFAF-483C-B2CA-656E2EEFAB87}.Debug|Any CPU.Build.0 = Debug|Any CPU
		{C2E6606E-CFAF-483C-B2CA-656E2EEFAB87}.Release|Any CPU.ActiveCfg = Release|Any CPU
		{C2E6606E-CFAF-483C-B2CA-656E2EEFAB87}.Release|Any CPU.Build.0 = Release|Any CPU
		{2BF6BEC2-84E3-4375-89EB-F46A717EAF98}.Debug|Any CPU.ActiveCfg = Debug|Any CPU
		{2BF6BEC2-84E3-4375-89EB-F46A717EAF98}.Debug|Any CPU.Build.0 = Debug|Any CPU
		{2BF6BEC2-84E3-4375-89EB-F46A717EAF98}.Release|Any CPU.ActiveCfg = Release|Any CPU
		{2BF6BEC2-84E3-4375-89EB-F46A717EAF98}.Release|Any CPU.Build.0 = Release|Any CPU
		{0F065AC3-8690-475F-87F4-AA62B8D6FFBF}.Debug|Any CPU.ActiveCfg = Debug|Any CPU
		{0F065AC3-8690-475F-87F4-AA62B8D6FFBF}.Debug|Any CPU.Build.0 = Debug|Any CPU
		{0F065AC3-8690-475F-87F4-AA62B8D6FFBF}.Release|Any CPU.ActiveCfg = Release|Any CPU
		{0F065AC3-8690-475F-87F4-AA62B8D6FFBF}.Release|Any CPU.Build.0 = Release|Any CPU
		{646BD699-B0B3-47BF-A28F-68F23D5D7572}.Debug|Any CPU.ActiveCfg = Debug|Any CPU
		{646BD699-B0B3-47BF-A28F-68F23D5D7572}.Debug|Any CPU.Build.0 = Debug|Any CPU
		{646BD699-B0B3-47BF-A28F-68F23D5D7572}.Release|Any CPU.ActiveCfg = Release|Any CPU
		{646BD699-B0B3-47BF-A28F-68F23D5D7572}.Release|Any CPU.Build.0 = Release|Any CPU
		{9E1E262C-1A93-4A78-9BDB-36357F2175F1}.Debug|Any CPU.ActiveCfg = Debug|Any CPU
		{9E1E262C-1A93-4A78-9BDB-36357F2175F1}.Debug|Any CPU.Build.0 = Debug|Any CPU
		{9E1E262C-1A93-4A78-9BDB-36357F2175F1}.Release|Any CPU.ActiveCfg = Release|Any CPU
		{9E1E262C-1A93-4A78-9BDB-36357F2175F1}.Release|Any CPU.Build.0 = Release|Any CPU
	EndGlobalSection
	GlobalSection(SolutionProperties) = preSolution
		HideSolutionNode = FALSE
	EndGlobalSection
	GlobalSection(NestedProjects) = preSolution
		{B7360DB2-8655-44EF-8A12-1BC3BB9E4F00} = {398DEC2E-A138-4F85-A4F5-27560102CA4E}
		{0E46FC06-C30E-46C6-B6FD-AF7F2160A730} = {BAC98016-4AE2-4B1E-B8AC-7008B77E804B}
		{E984D96A-78D1-401D-91E2-E58FB0309B15} = {AC7FBC63-7B82-45FC-B0F5-B15A7B995F43}
		{784BE7FA-D329-4EAA-9D1B-C0C3BF934FDE} = {0E46FC06-C30E-46C6-B6FD-AF7F2160A730}
		{E1A69009-4E18-4B9A-B94B-FACD2A7CB631} = {0E46FC06-C30E-46C6-B6FD-AF7F2160A730}
		{FB02753B-BB49-4762-BB02-FD8DD095A666} = {0E46FC06-C30E-46C6-B6FD-AF7F2160A730}
		{C48B148B-24CC-4E9F-A2A7-68FB7EC16258} = {E984D96A-78D1-401D-91E2-E58FB0309B15}
		{084D7C7E-AB16-4E8E-9D60-8E707B62C9C2} = {E984D96A-78D1-401D-91E2-E58FB0309B15}
		{80E907C0-11BB-4E26-9709-5259AD984611} = {B7360DB2-8655-44EF-8A12-1BC3BB9E4F00}
		{95386B31-F746-42FB-BAC2-4E14CC523D97} = {80E907C0-11BB-4E26-9709-5259AD984611}
		{4B1427BD-2DDE-45CA-8068-F92BB3904C03} = {80E907C0-11BB-4E26-9709-5259AD984611}
		{5D64BE35-5E61-4225-911B-B5060255F26F} = {784BE7FA-D329-4EAA-9D1B-C0C3BF934FDE}
		{9F96940A-F149-4CF7-AFE9-5138B58267B6} = {784BE7FA-D329-4EAA-9D1B-C0C3BF934FDE}
		{8451EA2E-0DFA-4BD3-9611-9C92B39B76FF} = {784BE7FA-D329-4EAA-9D1B-C0C3BF934FDE}
		{EE78C991-C8AE-41AE-A5E6-2500DE8A9DDA} = {5D64BE35-5E61-4225-911B-B5060255F26F}
		{CF910972-FEC3-42F4-B944-3F0E2DFFB77A} = {9F96940A-F149-4CF7-AFE9-5138B58267B6}
		{05D4A24C-EA28-4560-8F70-488639751CA0} = {8451EA2E-0DFA-4BD3-9611-9C92B39B76FF}
		{C8A722D0-821A-4CB8-9314-C0CEE2EE7D3A} = {95386B31-F746-42FB-BAC2-4E14CC523D97}
		{C2E6606E-CFAF-483C-B2CA-656E2EEFAB87} = {4B1427BD-2DDE-45CA-8068-F92BB3904C03}
		{2BF6BEC2-84E3-4375-89EB-F46A717EAF98} = {E1A69009-4E18-4B9A-B94B-FACD2A7CB631}
		{4E084693-7FCE-4E2C-BD6E-4FD0AB7E8688} = {FB02753B-BB49-4762-BB02-FD8DD095A666}
		{48B3C342-5BE9-464F-B592-F30BB21E59CF} = {FB02753B-BB49-4762-BB02-FD8DD095A666}
		{0F065AC3-8690-475F-87F4-AA62B8D6FFBF} = {4E084693-7FCE-4E2C-BD6E-4FD0AB7E8688}
		{646BD699-B0B3-47BF-A28F-68F23D5D7572} = {084D7C7E-AB16-4E8E-9D60-8E707B62C9C2}
		{9E1E262C-1A93-4A78-9BDB-36357F2175F1} = {C48B148B-24CC-4E9F-A2A7-68FB7EC16258}
	EndGlobalSection
	GlobalSection(ExtensibilityGlobals) = postSolution
		SolutionGuid = {24FA76BF-EC5C-4A2C-B5D4-21B6892E671F}
	EndGlobalSection
EndGlobal
