
Microsoft Visual Studio Solution File, Format Version 12.00
# Visual Studio 15
VisualStudioVersion = 15.0.28307.136
MinimumVisualStudioVersion = 10.0.40219.1
Project("{2150E333-8FDC-42A3-9474-1A3956D46DE8}") = "Libraries", "Libraries", "{5E3D57BF-760A-4B8B-8386-F5DB046C0C6D}"
EndProject
Project("{2150E333-8FDC-42A3-9474-1A3956D46DE8}") = "Order Processing", "Order Processing", "{63E34435-0A53-4162-BFCA-C9CF84A56788}"
EndProject
Project("{2150E333-8FDC-42A3-9474-1A3956D46DE8}") = "Stock Verification", "Stock Verification", "{E9D4BD5B-934E-481B-9868-D78B983939EF}"
EndProject
Project("{2150E333-8FDC-42A3-9474-1A3956D46DE8}") = "Credit Card Validation", "Credit Card Validation", "{B64B1539-9240-41A5-A19A-1E9957E92F2B}"
EndProject
Project("{2150E333-8FDC-42A3-9474-1A3956D46DE8}") = "DB Store Management", "DB Store Management", "{3B1BE255-CCBA-4C82-B9D1-CAFA3D6137D8}"
EndProject
Project("{2150E333-8FDC-42A3-9474-1A3956D46DE8}") = "Applications", "Applications", "{C1A57B04-B7BD-48EF-8CD0-ED5318C64E3F}"
EndProject
Project("{2150E333-8FDC-42A3-9474-1A3956D46DE8}") = "Models", "Models", "{13DD79DB-484D-4F8A-8D02-615046E25716}"
EndProject
Project("{2150E333-8FDC-42A3-9474-1A3956D46DE8}") = "Interfaces", "Interfaces", "{7B4754E3-F56C-4439-A0FE-DD8C3A758A22}"
EndProject
Project("{2150E333-8FDC-42A3-9474-1A3956D46DE8}") = "Implementations", "Implementations", "{DBC0EDFB-7524-47B0-9787-2BD209A9AE52}"
EndProject
Project("{2150E333-8FDC-42A3-9474-1A3956D46DE8}") = "Interfaces", "Interfaces", "{36D27A40-5087-4B65-9C87-86C90F1F9750}"
EndProject
Project("{2150E333-8FDC-42A3-9474-1A3956D46DE8}") = "Implementations", "Implementations", "{9274BEBF-AA7E-4534-8B4C-6C0161234182}"
EndProject
Project("{2150E333-8FDC-42A3-9474-1A3956D46DE8}") = "Interfaces", "Interfaces", "{DF04E3D0-79DC-4461-9724-0F3C0C69E3A2}"
EndProject
Project("{2150E333-8FDC-42A3-9474-1A3956D46DE8}") = "Implementations", "Implementations", "{C4D9644F-F52D-4121-90D4-F384AF500D8E}"
EndProject
Project("{2150E333-8FDC-42A3-9474-1A3956D46DE8}") = "Interfaces", "Interfaces", "{5014158E-FB6C-4F6D-9226-F4CA41B95504}"
EndProject
Project("{2150E333-8FDC-42A3-9474-1A3956D46DE8}") = "Implementations", "Implementations", "{A9D02EB2-B09B-4770-9D9C-EF2B122D4670}"
EndProject
Project("{FAE04EC0-301F-11D3-BF4B-00C04F79EFBC}") = "Lam.Libraries.Models", "Lam.Libraries.Models\Lam.Libraries.Models.csproj", "{60EF92D7-46E0-465B-982D-F356886CB52A}"
EndProject
Project("{FAE04EC0-301F-11D3-BF4B-00C04F79EFBC}") = "Lam.Libraries.CreditCards.Interfaces", "Lam.Libraries.CreditCards.Interfaces\Lam.Libraries.CreditCards.Interfaces.csproj", "{C2F5EFE5-C211-4279-9A8E-15EEAD8B2B88}"
EndProject
Project("{FAE04EC0-301F-11D3-BF4B-00C04F79EFBC}") = "Lam.Libraries.DBStore.Interfaces", "Lam.Libraries.DBStore.Interfaces\Lam.Libraries.DBStore.Interfaces.csproj", "{50E47AE8-E4B0-4915-853F-A89C1FABF5AB}"
EndProject
Project("{FAE04EC0-301F-11D3-BF4B-00C04F79EFBC}") = "Lam.Libraries.Stocks.Interfaces", "Lam.Libraries.Stocks.Interfaces\Lam.Libraries.Stocks.Interfaces.csproj", "{0D196F56-0F18-412C-A374-9C63B2BE7969}"
EndProject
Project("{FAE04EC0-301F-11D3-BF4B-00C04F79EFBC}") = "Lam.Libraries.Orders.Interfaces", "Lam.Libraries.Orders.Interfaces\Lam.Libraries.Orders.Interfaces.csproj", "{2570999E-BEF5-408B-ADD3-A1882BD06128}"
EndProject
Project("{FAE04EC0-301F-11D3-BF4B-00C04F79EFBC}") = "Lam.Libraries.Stocks.Impl", "Lam.Libraries.Stocks.Impl\Lam.Libraries.Stocks.Impl.csproj", "{C7DE5DFE-C872-4123-996E-294AD84EC93F}"
EndProject
Project("{FAE04EC0-301F-11D3-BF4B-00C04F79EFBC}") = "Lam.Libraries.CreditCards.Impl", "Lam.Libraries.CreditCards.Impl\Lam.Libraries.CreditCards.Impl.csproj", "{7743B22B-EAEE-4433-8DCB-6520B0E29C5F}"
EndProject
Project("{FAE04EC0-301F-11D3-BF4B-00C04F79EFBC}") = "Lam.Libraries.DBStore.Impl", "Lam.Libraries.DBStore.Impl\Lam.Libraries.DBStore.Impl.csproj", "{53CD5E7F-C5B2-4228-81A8-980C764AEE30}"
EndProject
Project("{FAE04EC0-301F-11D3-BF4B-00C04F79EFBC}") = "Lam.Libraries.Orders.Impl", "Lam.Libraries.Orders.Impl\Lam.Libraries.Orders.Impl.csproj", "{6D687286-9CE9-471C-8668-B2D04BC9BD0A}"
EndProject
Project("{FAE04EC0-301F-11D3-BF4B-00C04F79EFBC}") = "Lam.Applications.Orders.CmdUI", "Lam.Applications.Orders.CmdUI\Lam.Applications.Orders.CmdUI.csproj", "{06668AC9-1660-43AD-8680-EBDF6D369C16}"
EndProject
Project("{2150E333-8FDC-42A3-9474-1A3956D46DE8}") = "DI and IoC", "DI and IoC", "{E1355F7A-8F5B-490B-8FEC-DAA86456E63A}"
EndProject
Project("{2150E333-8FDC-42A3-9474-1A3956D46DE8}") = "Interfaces", "Interfaces", "{3BF9512B-268E-4338-8E11-E0F58DC5CF45}"
EndProject
Project("{2150E333-8FDC-42A3-9474-1A3956D46DE8}") = "Implementations", "Implementations", "{B5AD6D8F-3E86-4E44-9A60-21BF958BB064}"
EndProject
Project("{FAE04EC0-301F-11D3-BF4B-00C04F79EFBC}") = "Lam.Libraries.DI.Interfaces", "Lam.Libraries.DI.Interfaces\Lam.Libraries.DI.Interfaces.csproj", "{013BA23E-4E49-4609-A8BC-53B04F4C7176}"
EndProject
Project("{FAE04EC0-301F-11D3-BF4B-00C04F79EFBC}") = "Lam.Libraries.DI.Impl", "Lam.Libraries.DI.Impl\Lam.Libraries.DI.Impl.csproj", "{20FBC00F-0FD7-49BB-99AD-6A211C4B4F1C}"
EndProject
Global
	GlobalSection(SolutionConfigurationPlatforms) = preSolution
		Debug|Any CPU = Debug|Any CPU
		Release|Any CPU = Release|Any CPU
	EndGlobalSection
	GlobalSection(ProjectConfigurationPlatforms) = postSolution
		{60EF92D7-46E0-465B-982D-F356886CB52A}.Debug|Any CPU.ActiveCfg = Debug|Any CPU
		{60EF92D7-46E0-465B-982D-F356886CB52A}.Debug|Any CPU.Build.0 = Debug|Any CPU
		{60EF92D7-46E0-465B-982D-F356886CB52A}.Release|Any CPU.ActiveCfg = Release|Any CPU
		{60EF92D7-46E0-465B-982D-F356886CB52A}.Release|Any CPU.Build.0 = Release|Any CPU
		{C2F5EFE5-C211-4279-9A8E-15EEAD8B2B88}.Debug|Any CPU.ActiveCfg = Debug|Any CPU
		{C2F5EFE5-C211-4279-9A8E-15EEAD8B2B88}.Debug|Any CPU.Build.0 = Debug|Any CPU
		{C2F5EFE5-C211-4279-9A8E-15EEAD8B2B88}.Release|Any CPU.ActiveCfg = Release|Any CPU
		{C2F5EFE5-C211-4279-9A8E-15EEAD8B2B88}.Release|Any CPU.Build.0 = Release|Any CPU
		{50E47AE8-E4B0-4915-853F-A89C1FABF5AB}.Debug|Any CPU.ActiveCfg = Debug|Any CPU
		{50E47AE8-E4B0-4915-853F-A89C1FABF5AB}.Debug|Any CPU.Build.0 = Debug|Any CPU
		{50E47AE8-E4B0-4915-853F-A89C1FABF5AB}.Release|Any CPU.ActiveCfg = Release|Any CPU
		{50E47AE8-E4B0-4915-853F-A89C1FABF5AB}.Release|Any CPU.Build.0 = Release|Any CPU
		{0D196F56-0F18-412C-A374-9C63B2BE7969}.Debug|Any CPU.ActiveCfg = Debug|Any CPU
		{0D196F56-0F18-412C-A374-9C63B2BE7969}.Debug|Any CPU.Build.0 = Debug|Any CPU
		{0D196F56-0F18-412C-A374-9C63B2BE7969}.Release|Any CPU.ActiveCfg = Release|Any CPU
		{0D196F56-0F18-412C-A374-9C63B2BE7969}.Release|Any CPU.Build.0 = Release|Any CPU
		{2570999E-BEF5-408B-ADD3-A1882BD06128}.Debug|Any CPU.ActiveCfg = Debug|Any CPU
		{2570999E-BEF5-408B-ADD3-A1882BD06128}.Debug|Any CPU.Build.0 = Debug|Any CPU
		{2570999E-BEF5-408B-ADD3-A1882BD06128}.Release|Any CPU.ActiveCfg = Release|Any CPU
		{2570999E-BEF5-408B-ADD3-A1882BD06128}.Release|Any CPU.Build.0 = Release|Any CPU
		{C7DE5DFE-C872-4123-996E-294AD84EC93F}.Debug|Any CPU.ActiveCfg = Debug|Any CPU
		{C7DE5DFE-C872-4123-996E-294AD84EC93F}.Debug|Any CPU.Build.0 = Debug|Any CPU
		{C7DE5DFE-C872-4123-996E-294AD84EC93F}.Release|Any CPU.ActiveCfg = Release|Any CPU
		{C7DE5DFE-C872-4123-996E-294AD84EC93F}.Release|Any CPU.Build.0 = Release|Any CPU
		{7743B22B-EAEE-4433-8DCB-6520B0E29C5F}.Debug|Any CPU.ActiveCfg = Debug|Any CPU
		{7743B22B-EAEE-4433-8DCB-6520B0E29C5F}.Debug|Any CPU.Build.0 = Debug|Any CPU
		{7743B22B-EAEE-4433-8DCB-6520B0E29C5F}.Release|Any CPU.ActiveCfg = Release|Any CPU
		{7743B22B-EAEE-4433-8DCB-6520B0E29C5F}.Release|Any CPU.Build.0 = Release|Any CPU
		{53CD5E7F-C5B2-4228-81A8-980C764AEE30}.Debug|Any CPU.ActiveCfg = Debug|Any CPU
		{53CD5E7F-C5B2-4228-81A8-980C764AEE30}.Debug|Any CPU.Build.0 = Debug|Any CPU
		{53CD5E7F-C5B2-4228-81A8-980C764AEE30}.Release|Any CPU.ActiveCfg = Release|Any CPU
		{53CD5E7F-C5B2-4228-81A8-980C764AEE30}.Release|Any CPU.Build.0 = Release|Any CPU
		{6D687286-9CE9-471C-8668-B2D04BC9BD0A}.Debug|Any CPU.ActiveCfg = Debug|Any CPU
		{6D687286-9CE9-471C-8668-B2D04BC9BD0A}.Debug|Any CPU.Build.0 = Debug|Any CPU
		{6D687286-9CE9-471C-8668-B2D04BC9BD0A}.Release|Any CPU.ActiveCfg = Release|Any CPU
		{6D687286-9CE9-471C-8668-B2D04BC9BD0A}.Release|Any CPU.Build.0 = Release|Any CPU
		{06668AC9-1660-43AD-8680-EBDF6D369C16}.Debug|Any CPU.ActiveCfg = Debug|Any CPU
		{06668AC9-1660-43AD-8680-EBDF6D369C16}.Debug|Any CPU.Build.0 = Debug|Any CPU
		{06668AC9-1660-43AD-8680-EBDF6D369C16}.Release|Any CPU.ActiveCfg = Release|Any CPU
		{06668AC9-1660-43AD-8680-EBDF6D369C16}.Release|Any CPU.Build.0 = Release|Any CPU
		{013BA23E-4E49-4609-A8BC-53B04F4C7176}.Debug|Any CPU.ActiveCfg = Debug|Any CPU
		{013BA23E-4E49-4609-A8BC-53B04F4C7176}.Debug|Any CPU.Build.0 = Debug|Any CPU
		{013BA23E-4E49-4609-A8BC-53B04F4C7176}.Release|Any CPU.ActiveCfg = Release|Any CPU
		{013BA23E-4E49-4609-A8BC-53B04F4C7176}.Release|Any CPU.Build.0 = Release|Any CPU
		{20FBC00F-0FD7-49BB-99AD-6A211C4B4F1C}.Debug|Any CPU.ActiveCfg = Debug|Any CPU
		{20FBC00F-0FD7-49BB-99AD-6A211C4B4F1C}.Debug|Any CPU.Build.0 = Debug|Any CPU
		{20FBC00F-0FD7-49BB-99AD-6A211C4B4F1C}.Release|Any CPU.ActiveCfg = Release|Any CPU
		{20FBC00F-0FD7-49BB-99AD-6A211C4B4F1C}.Release|Any CPU.Build.0 = Release|Any CPU
	EndGlobalSection
	GlobalSection(SolutionProperties) = preSolution
		HideSolutionNode = FALSE
	EndGlobalSection
	GlobalSection(NestedProjects) = preSolution
		{63E34435-0A53-4162-BFCA-C9CF84A56788} = {5E3D57BF-760A-4B8B-8386-F5DB046C0C6D}
		{E9D4BD5B-934E-481B-9868-D78B983939EF} = {5E3D57BF-760A-4B8B-8386-F5DB046C0C6D}
		{B64B1539-9240-41A5-A19A-1E9957E92F2B} = {5E3D57BF-760A-4B8B-8386-F5DB046C0C6D}
		{3B1BE255-CCBA-4C82-B9D1-CAFA3D6137D8} = {5E3D57BF-760A-4B8B-8386-F5DB046C0C6D}
		{13DD79DB-484D-4F8A-8D02-615046E25716} = {5E3D57BF-760A-4B8B-8386-F5DB046C0C6D}
		{7B4754E3-F56C-4439-A0FE-DD8C3A758A22} = {B64B1539-9240-41A5-A19A-1E9957E92F2B}
		{DBC0EDFB-7524-47B0-9787-2BD209A9AE52} = {B64B1539-9240-41A5-A19A-1E9957E92F2B}
		{36D27A40-5087-4B65-9C87-86C90F1F9750} = {3B1BE255-CCBA-4C82-B9D1-CAFA3D6137D8}
		{9274BEBF-AA7E-4534-8B4C-6C0161234182} = {3B1BE255-CCBA-4C82-B9D1-CAFA3D6137D8}
		{DF04E3D0-79DC-4461-9724-0F3C0C69E3A2} = {63E34435-0A53-4162-BFCA-C9CF84A56788}
		{C4D9644F-F52D-4121-90D4-F384AF500D8E} = {63E34435-0A53-4162-BFCA-C9CF84A56788}
		{5014158E-FB6C-4F6D-9226-F4CA41B95504} = {E9D4BD5B-934E-481B-9868-D78B983939EF}
		{A9D02EB2-B09B-4770-9D9C-EF2B122D4670} = {E9D4BD5B-934E-481B-9868-D78B983939EF}
		{60EF92D7-46E0-465B-982D-F356886CB52A} = {13DD79DB-484D-4F8A-8D02-615046E25716}
		{C2F5EFE5-C211-4279-9A8E-15EEAD8B2B88} = {7B4754E3-F56C-4439-A0FE-DD8C3A758A22}
		{50E47AE8-E4B0-4915-853F-A89C1FABF5AB} = {36D27A40-5087-4B65-9C87-86C90F1F9750}
		{0D196F56-0F18-412C-A374-9C63B2BE7969} = {5014158E-FB6C-4F6D-9226-F4CA41B95504}
		{2570999E-BEF5-408B-ADD3-A1882BD06128} = {DF04E3D0-79DC-4461-9724-0F3C0C69E3A2}
		{C7DE5DFE-C872-4123-996E-294AD84EC93F} = {A9D02EB2-B09B-4770-9D9C-EF2B122D4670}
		{7743B22B-EAEE-4433-8DCB-6520B0E29C5F} = {DBC0EDFB-7524-47B0-9787-2BD209A9AE52}
		{53CD5E7F-C5B2-4228-81A8-980C764AEE30} = {9274BEBF-AA7E-4534-8B4C-6C0161234182}
		{6D687286-9CE9-471C-8668-B2D04BC9BD0A} = {C4D9644F-F52D-4121-90D4-F384AF500D8E}
		{06668AC9-1660-43AD-8680-EBDF6D369C16} = {C1A57B04-B7BD-48EF-8CD0-ED5318C64E3F}
		{E1355F7A-8F5B-490B-8FEC-DAA86456E63A} = {5E3D57BF-760A-4B8B-8386-F5DB046C0C6D}
		{3BF9512B-268E-4338-8E11-E0F58DC5CF45} = {E1355F7A-8F5B-490B-8FEC-DAA86456E63A}
		{B5AD6D8F-3E86-4E44-9A60-21BF958BB064} = {E1355F7A-8F5B-490B-8FEC-DAA86456E63A}
		{013BA23E-4E49-4609-A8BC-53B04F4C7176} = {3BF9512B-268E-4338-8E11-E0F58DC5CF45}
		{20FBC00F-0FD7-49BB-99AD-6A211C4B4F1C} = {B5AD6D8F-3E86-4E44-9A60-21BF958BB064}
	EndGlobalSection
	GlobalSection(ExtensibilityGlobals) = postSolution
		SolutionGuid = {EF4F1D8B-EA2F-415A-811B-D586FE94CAEB}
	EndGlobalSection
EndGlobal
