
Microsoft Visual Studio Solution File, Format Version 12.00
# Visual Studio 15
VisualStudioVersion = 15.0.28307.136
MinimumVisualStudioVersion = 10.0.40219.1
Project("{2150E333-8FDC-42A3-9474-1A3956D46DE8}") = "Libraries", "Libraries", "{60707E2A-7FD7-47D4-81E6-D5C539B7CBED}"
EndProject
Project("{2150E333-8FDC-42A3-9474-1A3956D46DE8}") = "Applications", "Applications", "{D7293570-0A96-4589-AFEB-89016C6304B8}"
EndProject
Project("{2150E333-8FDC-42A3-9474-1A3956D46DE8}") = "Models", "Models", "{F732A630-3150-46E9-B7E0-5A78D1C4DC03}"
EndProject
Project("{2150E333-8FDC-42A3-9474-1A3956D46DE8}") = "Orders", "Orders", "{CB92538B-D1A2-4E19-AC89-30AB05BF19DE}"
EndProject
Project("{2150E333-8FDC-42A3-9474-1A3956D46DE8}") = "Interfaces", "Interfaces", "{FD17F54B-F1BA-42DC-9D32-553CB8816325}"
EndProject
Project("{2150E333-8FDC-42A3-9474-1A3956D46DE8}") = "Implementations", "Implementations", "{DA9D70F6-5B65-4DF0-B5E0-0EE35D41ECA3}"
EndProject
Project("{2150E333-8FDC-42A3-9474-1A3956D46DE8}") = "Customers", "Customers", "{FD2838B9-77CD-4AF3-B143-3D8071D741B3}"
EndProject
Project("{2150E333-8FDC-42A3-9474-1A3956D46DE8}") = "Interfaces", "Interfaces", "{66659699-EF25-4116-9D1A-D4D52888491F}"
EndProject
Project("{2150E333-8FDC-42A3-9474-1A3956D46DE8}") = "Implementations", "Implementations", "{99EF02F3-D1BA-4CD6-B1FE-EB185AE149D6}"
EndProject
Project("{FAE04EC0-301F-11D3-BF4B-00C04F79EFBC}") = "Lam.Libraries.Models", "Lam.Libraries.Models\Lam.Libraries.Models.csproj", "{178B2DBD-3885-48DE-85E9-3C9F47083DD9}"
EndProject
Project("{FAE04EC0-301F-11D3-BF4B-00C04F79EFBC}") = "Lam.Libraries.Customers.Interfaces", "Lam.Libraries.Customers.Interfaces\Lam.Libraries.Customers.Interfaces.csproj", "{873DDDAD-3C6B-4DB7-8679-535F4A1CD20A}"
EndProject
Project("{FAE04EC0-301F-11D3-BF4B-00C04F79EFBC}") = "Lam.Libraries.Orders.Interfaces", "Lam.Libraries.Orders.Interfaces\Lam.Libraries.Orders.Interfaces.csproj", "{AF9653ED-30AB-4BF8-AB49-63FD551DE3BD}"
EndProject
Project("{FAE04EC0-301F-11D3-BF4B-00C04F79EFBC}") = "Lam.Libraries.Customers.Impl", "Lam.Libraries.Customers.Impl\Lam.Libraries.Customers.Impl.csproj", "{1878EE39-9181-4A91-96DE-2438A6669CBE}"
EndProject
Project("{FAE04EC0-301F-11D3-BF4B-00C04F79EFBC}") = "Lam.Libraries.Orders.Impl", "Lam.Libraries.Orders.Impl\Lam.Libraries.Orders.Impl.csproj", "{16E8F0E5-9655-42F8-968E-8FAC4F5F759B}"
EndProject
Project("{FAE04EC0-301F-11D3-BF4B-00C04F79EFBC}") = "Lam.Applications.CRM.CmdUI", "Lam.Applications.CRM.CmdUI\Lam.Applications.CRM.CmdUI.csproj", "{5563AEAE-796D-42A1-BE5E-C3002A288489}"
EndProject
Project("{FAE04EC0-301F-11D3-BF4B-00C04F79EFBC}") = "Lam.Applications.CRM.WinUI", "Lam.Applications.CRM.WinUI\Lam.Applications.CRM.WinUI.csproj", "{5BBE4E64-D847-4B54-B1F7-8DEF9E6104C8}"
EndProject
Global
	GlobalSection(SolutionConfigurationPlatforms) = preSolution
		Debug|Any CPU = Debug|Any CPU
		Release|Any CPU = Release|Any CPU
	EndGlobalSection
	GlobalSection(ProjectConfigurationPlatforms) = postSolution
		{178B2DBD-3885-48DE-85E9-3C9F47083DD9}.Debug|Any CPU.ActiveCfg = Debug|Any CPU
		{178B2DBD-3885-48DE-85E9-3C9F47083DD9}.Debug|Any CPU.Build.0 = Debug|Any CPU
		{178B2DBD-3885-48DE-85E9-3C9F47083DD9}.Release|Any CPU.ActiveCfg = Release|Any CPU
		{178B2DBD-3885-48DE-85E9-3C9F47083DD9}.Release|Any CPU.Build.0 = Release|Any CPU
		{873DDDAD-3C6B-4DB7-8679-535F4A1CD20A}.Debug|Any CPU.ActiveCfg = Debug|Any CPU
		{873DDDAD-3C6B-4DB7-8679-535F4A1CD20A}.Debug|Any CPU.Build.0 = Debug|Any CPU
		{873DDDAD-3C6B-4DB7-8679-535F4A1CD20A}.Release|Any CPU.ActiveCfg = Release|Any CPU
		{873DDDAD-3C6B-4DB7-8679-535F4A1CD20A}.Release|Any CPU.Build.0 = Release|Any CPU
		{AF9653ED-30AB-4BF8-AB49-63FD551DE3BD}.Debug|Any CPU.ActiveCfg = Debug|Any CPU
		{AF9653ED-30AB-4BF8-AB49-63FD551DE3BD}.Debug|Any CPU.Build.0 = Debug|Any CPU
		{AF9653ED-30AB-4BF8-AB49-63FD551DE3BD}.Release|Any CPU.ActiveCfg = Release|Any CPU
		{AF9653ED-30AB-4BF8-AB49-63FD551DE3BD}.Release|Any CPU.Build.0 = Release|Any CPU
		{1878EE39-9181-4A91-96DE-2438A6669CBE}.Debug|Any CPU.ActiveCfg = Debug|Any CPU
		{1878EE39-9181-4A91-96DE-2438A6669CBE}.Debug|Any CPU.Build.0 = Debug|Any CPU
		{1878EE39-9181-4A91-96DE-2438A6669CBE}.Release|Any CPU.ActiveCfg = Release|Any CPU
		{1878EE39-9181-4A91-96DE-2438A6669CBE}.Release|Any CPU.Build.0 = Release|Any CPU
		{16E8F0E5-9655-42F8-968E-8FAC4F5F759B}.Debug|Any CPU.ActiveCfg = Debug|Any CPU
		{16E8F0E5-9655-42F8-968E-8FAC4F5F759B}.Debug|Any CPU.Build.0 = Debug|Any CPU
		{16E8F0E5-9655-42F8-968E-8FAC4F5F759B}.Release|Any CPU.ActiveCfg = Release|Any CPU
		{16E8F0E5-9655-42F8-968E-8FAC4F5F759B}.Release|Any CPU.Build.0 = Release|Any CPU
		{5563AEAE-796D-42A1-BE5E-C3002A288489}.Debug|Any CPU.ActiveCfg = Debug|Any CPU
		{5563AEAE-796D-42A1-BE5E-C3002A288489}.Debug|Any CPU.Build.0 = Debug|Any CPU
		{5563AEAE-796D-42A1-BE5E-C3002A288489}.Release|Any CPU.ActiveCfg = Release|Any CPU
		{5563AEAE-796D-42A1-BE5E-C3002A288489}.Release|Any CPU.Build.0 = Release|Any CPU
		{5BBE4E64-D847-4B54-B1F7-8DEF9E6104C8}.Debug|Any CPU.ActiveCfg = Debug|Any CPU
		{5BBE4E64-D847-4B54-B1F7-8DEF9E6104C8}.Debug|Any CPU.Build.0 = Debug|Any CPU
		{5BBE4E64-D847-4B54-B1F7-8DEF9E6104C8}.Release|Any CPU.ActiveCfg = Release|Any CPU
		{5BBE4E64-D847-4B54-B1F7-8DEF9E6104C8}.Release|Any CPU.Build.0 = Release|Any CPU
	EndGlobalSection
	GlobalSection(SolutionProperties) = preSolution
		HideSolutionNode = FALSE
	EndGlobalSection
	GlobalSection(NestedProjects) = preSolution
		{F732A630-3150-46E9-B7E0-5A78D1C4DC03} = {60707E2A-7FD7-47D4-81E6-D5C539B7CBED}
		{CB92538B-D1A2-4E19-AC89-30AB05BF19DE} = {60707E2A-7FD7-47D4-81E6-D5C539B7CBED}
		{FD17F54B-F1BA-42DC-9D32-553CB8816325} = {CB92538B-D1A2-4E19-AC89-30AB05BF19DE}
		{DA9D70F6-5B65-4DF0-B5E0-0EE35D41ECA3} = {CB92538B-D1A2-4E19-AC89-30AB05BF19DE}
		{FD2838B9-77CD-4AF3-B143-3D8071D741B3} = {60707E2A-7FD7-47D4-81E6-D5C539B7CBED}
		{66659699-EF25-4116-9D1A-D4D52888491F} = {FD2838B9-77CD-4AF3-B143-3D8071D741B3}
		{99EF02F3-D1BA-4CD6-B1FE-EB185AE149D6} = {FD2838B9-77CD-4AF3-B143-3D8071D741B3}
		{178B2DBD-3885-48DE-85E9-3C9F47083DD9} = {F732A630-3150-46E9-B7E0-5A78D1C4DC03}
		{873DDDAD-3C6B-4DB7-8679-535F4A1CD20A} = {66659699-EF25-4116-9D1A-D4D52888491F}
		{AF9653ED-30AB-4BF8-AB49-63FD551DE3BD} = {FD17F54B-F1BA-42DC-9D32-553CB8816325}
		{1878EE39-9181-4A91-96DE-2438A6669CBE} = {99EF02F3-D1BA-4CD6-B1FE-EB185AE149D6}
		{16E8F0E5-9655-42F8-968E-8FAC4F5F759B} = {DA9D70F6-5B65-4DF0-B5E0-0EE35D41ECA3}
		{5563AEAE-796D-42A1-BE5E-C3002A288489} = {D7293570-0A96-4589-AFEB-89016C6304B8}
		{5BBE4E64-D847-4B54-B1F7-8DEF9E6104C8} = {D7293570-0A96-4589-AFEB-89016C6304B8}
	EndGlobalSection
	GlobalSection(ExtensibilityGlobals) = postSolution
		SolutionGuid = {948E5806-45C2-485F-8517-BA1BC780D29A}
	EndGlobalSection
EndGlobal
